
Microsoft Visual Studio Solution File, Format Version 12.00
# Visual Studio Version 17
VisualStudioVersion = 17.10.35122.118
MinimumVisualStudioVersion = 10.0.40219.1
Project("{FAE04EC0-301F-11D3-BF4B-00C04F79EFBC}") = "GamePlan.Api", "GamePlan.Api\GamePlan.Api.csproj", "{397D9ECD-03C4-46B8-ADCB-6A87B8544AFE}"
EndProject
Global
	GlobalSection(SolutionConfigurationPlatforms) = preSolution
		Debug|Any CPU = Debug|Any CPU
		Release|Any CPU = Release|Any CPU
	EndGlobalSection
	GlobalSection(ProjectConfigurationPlatforms) = postSolution
		{397D9ECD-03C4-46B8-ADCB-6A87B8544AFE}.Debug|Any CPU.ActiveCfg = Debug|Any CPU
		{397D9ECD-03C4-46B8-ADCB-6A87B8544AFE}.Debug|Any CPU.Build.0 = Debug|Any CPU
		{397D9ECD-03C4-46B8-ADCB-6A87B8544AFE}.Release|Any CPU.ActiveCfg = Release|Any CPU
		{397D9ECD-03C4-46B8-ADCB-6A87B8544AFE}.Release|Any CPU.Build.0 = Release|Any CPU
	EndGlobalSection
	GlobalSection(SolutionProperties) = preSolution
		HideSolutionNode = FALSE
	EndGlobalSection
	GlobalSection(ExtensibilityGlobals) = postSolution
		SolutionGuid = {EECC8B45-0B5C-438E-9134-FC0FBEF6AC9B}
	EndGlobalSection
EndGlobal
